
Microsoft Visual Studio Solution File, Format Version 12.00
# Visual Studio Version 17
VisualStudioVersion = 17.9.34607.119
MinimumVisualStudioVersion = 10.0.40219.1
Project("{9A19103F-16F7-4668-BE54-9A1E7A4F7556}") = "SpecFlowProject3", "SpecFlowProject3\SpecFlowProject3.csproj", "{0FF42A88-9E1E-4121-9ECC-F34C202C2533}"
EndProject
Global
	GlobalSection(SolutionConfigurationPlatforms) = preSolution
		Debug|Any CPU = Debug|Any CPU
		Release|Any CPU = Release|Any CPU
	EndGlobalSection
	GlobalSection(ProjectConfigurationPlatforms) = postSolution
		{0FF42A88-9E1E-4121-9ECC-F34C202C2533}.Debug|Any CPU.ActiveCfg = Debug|Any CPU
		{0FF42A88-9E1E-4121-9ECC-F34C202C2533}.Debug|Any CPU.Build.0 = Debug|Any CPU
		{0FF42A88-9E1E-4121-9ECC-F34C202C2533}.Release|Any CPU.ActiveCfg = Release|Any CPU
		{0FF42A88-9E1E-4121-9ECC-F34C202C2533}.Release|Any CPU.Build.0 = Release|Any CPU
	EndGlobalSection
	GlobalSection(SolutionProperties) = preSolution
		HideSolutionNode = FALSE
	EndGlobalSection
	GlobalSection(ExtensibilityGlobals) = postSolution
		SolutionGuid = {259831CA-3017-4DEF-A62E-B4DF07F8D2A3}
	EndGlobalSection
EndGlobal
